
Microsoft Visual Studio Solution File, Format Version 12.00
# Visual Studio Version 16
VisualStudioVersion = 16.0.30621.155
MinimumVisualStudioVersion = 10.0.40219.1
Project("{9A19103F-16F7-4668-BE54-9A1E7A4F7556}") = "TTVChatSpeech", "src\TTVChatSpeech\TTVChatSpeech.csproj", "{D355FD9A-D961-433C-B5B0-566DDC5505FE}"
EndProject
Project("{9A19103F-16F7-4668-BE54-9A1E7A4F7556}") = "TTVChatSpeech.Test", "test\TTVChatSpeech.Test\TTVChatSpeech.Test.csproj", "{6BD6CD16-C422-4EB1-AD49-FC7714283A2F}"
EndProject
Project("{FAE04EC0-301F-11D3-BF4B-00C04F79EFBC}") = "TTVChatSpeech.Audio", "src\TTVChatSpeech.Audio\TTVChatSpeech.Audio.csproj", "{A9F42607-ABA0-46A0-A3BD-627329A782F8}"
EndProject
Global
	GlobalSection(SolutionConfigurationPlatforms) = preSolution
		Debug|Any CPU = Debug|Any CPU
		Release|Any CPU = Release|Any CPU
	EndGlobalSection
	GlobalSection(ProjectConfigurationPlatforms) = postSolution
		{D355FD9A-D961-433C-B5B0-566DDC5505FE}.Debug|Any CPU.ActiveCfg = Debug|Any CPU
		{D355FD9A-D961-433C-B5B0-566DDC5505FE}.Debug|Any CPU.Build.0 = Debug|Any CPU
		{D355FD9A-D961-433C-B5B0-566DDC5505FE}.Release|Any CPU.ActiveCfg = Release|Any CPU
		{D355FD9A-D961-433C-B5B0-566DDC5505FE}.Release|Any CPU.Build.0 = Release|Any CPU
		{6BD6CD16-C422-4EB1-AD49-FC7714283A2F}.Debug|Any CPU.ActiveCfg = Debug|Any CPU
		{6BD6CD16-C422-4EB1-AD49-FC7714283A2F}.Debug|Any CPU.Build.0 = Debug|Any CPU
		{6BD6CD16-C422-4EB1-AD49-FC7714283A2F}.Release|Any CPU.ActiveCfg = Release|Any CPU
		{6BD6CD16-C422-4EB1-AD49-FC7714283A2F}.Release|Any CPU.Build.0 = Release|Any CPU
		{A9F42607-ABA0-46A0-A3BD-627329A782F8}.Debug|Any CPU.ActiveCfg = Debug|Any CPU
		{A9F42607-ABA0-46A0-A3BD-627329A782F8}.Debug|Any CPU.Build.0 = Debug|Any CPU
		{A9F42607-ABA0-46A0-A3BD-627329A782F8}.Release|Any CPU.ActiveCfg = Release|Any CPU
		{A9F42607-ABA0-46A0-A3BD-627329A782F8}.Release|Any CPU.Build.0 = Release|Any CPU
	EndGlobalSection
	GlobalSection(SolutionProperties) = preSolution
		HideSolutionNode = FALSE
	EndGlobalSection
	GlobalSection(ExtensibilityGlobals) = postSolution
		SolutionGuid = {44B0C029-706F-4EE3-B053-BE9A8D31A196}
	EndGlobalSection
EndGlobal
